# This file is automatically @generated by Cargo.
# It is not intended for manual editing.
version = 4

[[package]]
name = "block_loader"
version = "0.1.0"

[[package]]
name = "common"
version = "0.1.0"

[[package]]
name = "pumpfun"
version = "0.1.0"
dependencies = [
 "common",
]

[[package]]
name = "pumpswap"
version = "0.1.0"
dependencies = [
 "common",
]
